<?xml version="1.0" encoding="utf-8"?>
<Project ToolsVersion="4.0" xmlns="http://schemas.microsoft.com/developer/msbuild/2003">
  <ItemGroup>
    <Filter Include="Platform">
      <UniqueIdentifier>{2AC788B4-1694-E3BF-3FAD-D1672BD9184E}</UniqueIdentifier>
    </Filter>
    <Filter Include="Platform\Windows">
      <UniqueIdentifier>{64FBD71A-50F4-F66C-7926-DCF1657ED678}</UniqueIdentifier>
    </Filter>
    <Filter Include="Rumia">
      <UniqueIdentifier>{63DF0C0E-CFF3-34BF-9875-D81E044931F0}</UniqueIdentifier>
    </Filter>
    <Filter Include="Rumia\Event">
      <UniqueIdentifier>{F41E8399-60D4-FB8E-E9C8-F565557DF292}</UniqueIdentifier>
    </Filter>
  </ItemGroup>
  <ItemGroup>
    <ClInclude Include="src\Platform\Windows\WindowsWindow.h">
      <Filter>Platform\Windows</Filter>
    </ClInclude>
    <ClInclude Include="src\Rumia.h" />
    <ClInclude Include="src\Rumia\Application.h">
      <Filter>Rumia</Filter>
    </ClInclude>
    <ClInclude Include="src\Rumia\Core.h">
      <Filter>Rumia</Filter>
    </ClInclude>
    <ClInclude Include="src\Rumia\EntryPoint.h">
      <Filter>Rumia</Filter>
    </ClInclude>
    <ClInclude Include="src\Rumia\Event\ApplicationEvent.h">
      <Filter>Rumia\Event</Filter>
    </ClInclude>
    <ClInclude Include="src\Rumia\Event\Event.h">
      <Filter>Rumia\Event</Filter>
    </ClInclude>
    <ClInclude Include="src\Rumia\Event\KeyEvent.h">
      <Filter>Rumia\Event</Filter>
    </ClInclude>
    <ClInclude Include="src\Rumia\Event\MouseEvent.h">
      <Filter>Rumia\Event</Filter>
    </ClInclude>
    <ClInclude Include="src\Rumia\Log.h">
      <Filter>Rumia</Filter>
    </ClInclude>
    <ClInclude Include="src\Rumia\Window.h">
      <Filter>Rumia</Filter>
    </ClInclude>
    <ClInclude Include="src\rmpch.h" />
  </ItemGroup>
  <ItemGroup>
    <ClCompile Include="src\Platform\Windows\WindowsWindow.cpp">
      <Filter>Platform\Windows</Filter>
    </ClCompile>
    <ClCompile Include="src\Rumia\Application.cpp">
      <Filter>Rumia</Filter>
    </ClCompile>
    <ClCompile Include="src\Rumia\Log.cpp">
      <Filter>Rumia</Filter>
    </ClCompile>
    <ClCompile Include="src\rmpch.cpp" />
  </ItemGroup>
</Project>